
Microsoft Visual Studio Solution File, Format Version 12.00
# Visual Studio Version 17
VisualStudioVersion = 17.11.35219.272
MinimumVisualStudioVersion = 10.0.40219.1
Project("{FAE04EC0-301F-11D3-BF4B-00C04F79EFBC}") = "FunctionApp2", "FunctionApp2.csproj", "{CC5312BC-7C16-4CAC-9853-C62AD3389962}"
EndProject
Global
	GlobalSection(SolutionConfigurationPlatforms) = preSolution
		Debug|Any CPU = Debug|Any CPU
		Release|Any CPU = Release|Any CPU
	EndGlobalSection
	GlobalSection(ProjectConfigurationPlatforms) = postSolution
		{CC5312BC-7C16-4CAC-9853-C62AD3389962}.Debug|Any CPU.ActiveCfg = Debug|Any CPU
		{CC5312BC-7C16-4CAC-9853-C62AD3389962}.Debug|Any CPU.Build.0 = Debug|Any CPU
		{CC5312BC-7C16-4CAC-9853-C62AD3389962}.Release|Any CPU.ActiveCfg = Release|Any CPU
		{CC5312BC-7C16-4CAC-9853-C62AD3389962}.Release|Any CPU.Build.0 = Release|Any CPU
	EndGlobalSection
	GlobalSection(SolutionProperties) = preSolution
		HideSolutionNode = FALSE
	EndGlobalSection
	GlobalSection(ExtensibilityGlobals) = postSolution
		SolutionGuid = {48043479-6E0A-4F79-9DC9-31325C9DF3EB}
	EndGlobalSection
EndGlobal
